
Microsoft Visual Studio Solution File, Format Version 12.00
Project("{FAE04EC0-301F-11D3-BF4B-00C04F79EFBC}") = "Networking", "Networking\Networking.csproj", "{93169907-A304-4F20-B313-8F3F781264E2}"
EndProject
Project("{FAE04EC0-301F-11D3-BF4B-00C04F79EFBC}") = "Tester", "Tester\Tester.csproj", "{275542F1-5EB2-40CF-A5B0-4F0EF76AEA30}"
EndProject
Global
	GlobalSection(SolutionConfigurationPlatforms) = preSolution
		Debug|Any CPU = Debug|Any CPU
		Release|Any CPU = Release|Any CPU
	EndGlobalSection
	GlobalSection(ProjectConfigurationPlatforms) = postSolution
		{93169907-A304-4F20-B313-8F3F781264E2}.Debug|Any CPU.ActiveCfg = Debug|Any CPU
		{93169907-A304-4F20-B313-8F3F781264E2}.Debug|Any CPU.Build.0 = Debug|Any CPU
		{93169907-A304-4F20-B313-8F3F781264E2}.Release|Any CPU.ActiveCfg = Release|Any CPU
		{93169907-A304-4F20-B313-8F3F781264E2}.Release|Any CPU.Build.0 = Release|Any CPU
		{275542F1-5EB2-40CF-A5B0-4F0EF76AEA30}.Debug|Any CPU.ActiveCfg = Debug|Any CPU
		{275542F1-5EB2-40CF-A5B0-4F0EF76AEA30}.Debug|Any CPU.Build.0 = Debug|Any CPU
		{275542F1-5EB2-40CF-A5B0-4F0EF76AEA30}.Release|Any CPU.ActiveCfg = Release|Any CPU
		{275542F1-5EB2-40CF-A5B0-4F0EF76AEA30}.Release|Any CPU.Build.0 = Release|Any CPU
	EndGlobalSection
EndGlobal
